{
  "name": "interfaz-conversacional",
  "version": "0.1.0",
  "lockfileVersion": 3,
  "requires": true,
  "packages": {
    "": {
      "name": "interfaz-conversacional",
      "version": "0.1.0",
      "dependencies": {
        "@techsphere/conversational": "file:../conversational",
        "@techsphere/decision": "file:../decision",
        "@techsphere/deterministic": "file:../deterministic"
      }
    },
    "../contracts": {
      "name": "@techsphere/contracts",
      "version": "0.1.0",
      "license": "MIT",
      "devDependencies": {
        "@types/node": "^24.13.3",
        "typescript": "^5.9.3"
      }
    },
    "../contracts/node_modules/@types/node": {
      "version": "24.13.3",
      "dev": true,
      "license": "MIT",
      "dependencies": {
        "undici-types": "~7.18.0"
      }
    },
    "../contracts/node_modules/typescript": {
      "version": "5.9.3",
      "dev": true,
      "license": "Apache-2.0",
      "bin": {
        "tsc": "bin/tsc",
        "tsserver": "bin/tsserver"
      },
      "engines": {
        "node": ">=14.17"
      }
    },
    "../contracts/node_modules/undici-types": {
      "version": "7.18.2",
      "dev": true,
      "license": "MIT"
    },
    "../conversational": {
      "name": "@techsphere/conversational",
      "version": "0.1.0",
      "license": "MIT",
      "dependencies": {
        "@techsphere/contracts": "file:../contracts"
      },
      "devDependencies": {
        "@types/node": "^24.13.3",
        "typescript": "^5.9.3"
      }
    },
    "../conversational/node_modules/@techsphere/contracts": {
      "resolved": "../contracts",
      "link": true
    },
    "../conversational/node_modules/@types/node": {
      "version": "24.13.3",
      "dev": true,
      "license": "MIT",
      "dependencies": {
        "undici-types": "~7.18.0"
      }
    },
    "../conversational/node_modules/typescript": {
      "version": "5.9.3",
      "dev": true,
      "license": "Apache-2.0",
      "bin": {
        "tsc": "bin/tsc",
        "tsserver": "bin/tsserver"
      },
      "engines": {
        "node": ">=14.17"
      }
    },
    "../conversational/node_modules/undici-types": {
      "version": "7.18.2",
      "dev": true,
      "license": "MIT"
    },
    "../decision": {
      "name": "@techsphere/decision",
      "version": "0.1.0",
      "license": "MIT",
      "dependencies": {
        "@techsphere/contracts": "file:../contracts",
        "@techsphere/conversational": "file:../conversational",
        "@techsphere/deterministic": "file:../deterministic"
      },
      "devDependencies": {
        "@types/node": "^24.13.3",
        "typescript": "^5.9.3"
      }
    },
    "../decision/node_modules/@techsphere/contracts": {
      "resolved": "../contracts",
      "link": true
    },
    "../decision/node_modules/@techsphere/conversational": {
      "resolved": "../conversational",
      "link": true
    },
    "../decision/node_modules/@techsphere/deterministic": {
      "resolved": "../deterministic",
      "link": true
    },
    "../decision/node_modules/@types/node": {
      "version": "24.13.3",
      "dev": true,
      "license": "MIT",
      "dependencies": {
        "undici-types": "~7.18.0"
      }
    },
    "../decision/node_modules/typescript": {
      "version": "5.9.3",
      "dev": true,
      "license": "Apache-2.0",
      "bin": {
        "tsc": "bin/tsc",
        "tsserver": "bin/tsserver"
      },
      "engines": {
        "node": ">=14.17"
      }
    },
    "../decision/node_modules/undici-types": {
      "version": "7.18.2",
      "dev": true,
      "license": "MIT"
    },
    "../deterministic": {
      "name": "@techsphere/deterministic",
      "version": "0.1.0",
      "license": "MIT",
      "dependencies": {
        "@techsphere/contracts": "file:../contracts"
      },
      "devDependencies": {
        "@types/node": "^24.13.3",
        "typescript": "^5.9.3"
      }
    },
    "../deterministic/node_modules/@techsphere/contracts": {
      "resolved": "../contracts",
      "link": true
    },
    "../deterministic/node_modules/@types/node": {
      "version": "24.13.3",
      "dev": true,
      "license": "MIT",
      "dependencies": {
        "undici-types": "~7.18.0"
      }
    },
    "../deterministic/node_modules/typescript": {
      "version": "5.9.3",
      "dev": true,
      "license": "Apache-2.0",
      "bin": {
        "tsc": "bin/tsc",
        "tsserver": "bin/tsserver"
      },
      "engines": {
        "node": ">=14.17"
      }
    },
    "../deterministic/node_modules/undici-types": {
      "version": "7.18.2",
      "dev": true,
      "license": "MIT"
    },
    "node_modules/@techsphere/conversational": {
      "resolved": "../conversational",
      "link": true
    },
    "node_modules/@techsphere/decision": {
      "resolved": "../decision",
      "link": true
    },
    "node_modules/@techsphere/deterministic": {
      "resolved": "../deterministic",
      "link": true
    }
  }
}
